
Microsoft Visual Studio Solution File, Format Version 12.00
# Visual Studio 14
VisualStudioVersion = 14.0.23107.0
MinimumVisualStudioVersion = 10.0.40219.1
Project("{FAE04EC0-301F-11D3-BF4B-00C04F79EFBC}") = "AutoStore", "AutoStore\AutoStore.csproj", "{61FF3305-1B4D-4A0F-BE64-1384D50B1952}"
EndProject
Global
	GlobalSection(SolutionConfigurationPlatforms) = preSolution
		Debug|Any CPU = Debug|Any CPU
		Release|Any CPU = Release|Any CPU
	EndGlobalSection
	GlobalSection(ProjectConfigurationPlatforms) = postSolution
		{61FF3305-1B4D-4A0F-BE64-1384D50B1952}.Debug|Any CPU.ActiveCfg = Debug|Any CPU
		{61FF3305-1B4D-4A0F-BE64-1384D50B1952}.Debug|Any CPU.Build.0 = Debug|Any CPU
		{61FF3305-1B4D-4A0F-BE64-1384D50B1952}.Release|Any CPU.ActiveCfg = Release|Any CPU
		{61FF3305-1B4D-4A0F-BE64-1384D50B1952}.Release|Any CPU.Build.0 = Release|Any CPU
	EndGlobalSection
	GlobalSection(SolutionProperties) = preSolution
		HideSolutionNode = FALSE
	EndGlobalSection
EndGlobal
